
Microsoft Visual Studio Solution File, Format Version 12.00
# Visual Studio Version 17
VisualStudioVersion = 17.1.32328.378
MinimumVisualStudioVersion = 10.0.40219.1
Project("{FAE04EC0-301F-11D3-BF4B-00C04F79EFBC}") = "SpotApiCalls", "SpotApiCalls\SpotApiCalls.csproj", "{7BD0EEB5-9375-4BDA-A5C1-F179B3037D67}"
EndProject
Global
	GlobalSection(SolutionConfigurationPlatforms) = preSolution
		Debug|Any CPU = Debug|Any CPU
		Release|Any CPU = Release|Any CPU
	EndGlobalSection
	GlobalSection(ProjectConfigurationPlatforms) = postSolution
		{7BD0EEB5-9375-4BDA-A5C1-F179B3037D67}.Debug|Any CPU.ActiveCfg = Debug|Any CPU
		{7BD0EEB5-9375-4BDA-A5C1-F179B3037D67}.Debug|Any CPU.Build.0 = Debug|Any CPU
		{7BD0EEB5-9375-4BDA-A5C1-F179B3037D67}.Release|Any CPU.ActiveCfg = Release|Any CPU
		{7BD0EEB5-9375-4BDA-A5C1-F179B3037D67}.Release|Any CPU.Build.0 = Release|Any CPU
	EndGlobalSection
	GlobalSection(SolutionProperties) = preSolution
		HideSolutionNode = FALSE
	EndGlobalSection
	GlobalSection(ExtensibilityGlobals) = postSolution
		SolutionGuid = {02A1E8A8-3D31-48CC-9B67-C8CA307C86D4}
	EndGlobalSection
EndGlobal
